# THIS IS AN AUTOGENERATED FILE. DO NOT EDIT THIS FILE DIRECTLY.
# yarn lockfile v1


tabler-icons-react@^1.48.0:
  version "1.48.0"
  resolved "https://registry.yarnpkg.com/tabler-icons-react/-/tabler-icons-react-1.48.0.tgz#2b3251d4b9effa1e78baf4cb05fe7cf79449f116"
  integrity sha512-dlcAIGYIB7+fsU1tj8HuK5aN57g3Q5KD8GMAxpBR9E62yFhjn8fbwD2M2X18E66v5TYakUhu6tfUxM+/jvI6Kg==
